
Microsoft Visual Studio Solution File, Format Version 12.00
# Visual Studio Version 16
VisualStudioVersion = 16.0.30907.101
MinimumVisualStudioVersion = 10.0.40219.1
Project("{FAE04EC0-301F-11D3-BF4B-00C04F79EFBC}") = "NetWorks.Core", "NetWorks.Core\NetWorks.Core.csproj", "{EAC3E471-B6D3-4648-968D-5553A9255207}"
EndProject
Project("{FAE04EC0-301F-11D3-BF4B-00C04F79EFBC}") = "NetWorks.DataAccess", "NetWorks.DataAccess\NetWorks.DataAccess.csproj", "{B0749AB9-97E6-4CA2-8653-DA2E2320D894}"
EndProject
Project("{FAE04EC0-301F-11D3-BF4B-00C04F79EFBC}") = "NetWorks.Logic", "NetWorks.Logic\NetWorks.Logic.csproj", "{4D57DC26-B25B-4656-AA88-9DF9B2CDE6FA}"
EndProject
Global
	GlobalSection(SolutionConfigurationPlatforms) = preSolution
		Debug|Any CPU = Debug|Any CPU
		Release|Any CPU = Release|Any CPU
	EndGlobalSection
	GlobalSection(ProjectConfigurationPlatforms) = postSolution
		{EAC3E471-B6D3-4648-968D-5553A9255207}.Debug|Any CPU.ActiveCfg = Debug|Any CPU
		{EAC3E471-B6D3-4648-968D-5553A9255207}.Debug|Any CPU.Build.0 = Debug|Any CPU
		{EAC3E471-B6D3-4648-968D-5553A9255207}.Release|Any CPU.ActiveCfg = Release|Any CPU
		{EAC3E471-B6D3-4648-968D-5553A9255207}.Release|Any CPU.Build.0 = Release|Any CPU
		{B0749AB9-97E6-4CA2-8653-DA2E2320D894}.Debug|Any CPU.ActiveCfg = Debug|Any CPU
		{B0749AB9-97E6-4CA2-8653-DA2E2320D894}.Debug|Any CPU.Build.0 = Debug|Any CPU
		{B0749AB9-97E6-4CA2-8653-DA2E2320D894}.Release|Any CPU.ActiveCfg = Release|Any CPU
		{B0749AB9-97E6-4CA2-8653-DA2E2320D894}.Release|Any CPU.Build.0 = Release|Any CPU
		{4D57DC26-B25B-4656-AA88-9DF9B2CDE6FA}.Debug|Any CPU.ActiveCfg = Debug|Any CPU
		{4D57DC26-B25B-4656-AA88-9DF9B2CDE6FA}.Debug|Any CPU.Build.0 = Debug|Any CPU
		{4D57DC26-B25B-4656-AA88-9DF9B2CDE6FA}.Release|Any CPU.ActiveCfg = Release|Any CPU
		{4D57DC26-B25B-4656-AA88-9DF9B2CDE6FA}.Release|Any CPU.Build.0 = Release|Any CPU
	EndGlobalSection
	GlobalSection(SolutionProperties) = preSolution
		HideSolutionNode = FALSE
	EndGlobalSection
	GlobalSection(ExtensibilityGlobals) = postSolution
		SolutionGuid = {CC0F1190-72E2-4F6D-BD24-65961FB61108}
	EndGlobalSection
EndGlobal
